
Microsoft Visual Studio Solution File, Format Version 12.00
# Visual Studio Version 17
VisualStudioVersion = 17.14.36623.8
MinimumVisualStudioVersion = 10.0.40219.1
Project("{FAE04EC0-301F-11D3-BF4B-00C04F79EFBC}") = "IbrahKit_MailClient", "IbrahKit_MailClient.csproj", "{4973E29A-E8DA-E73A-150C-D347A06076C4}"
EndProject
Global
	GlobalSection(SolutionConfigurationPlatforms) = preSolution
		Debug|Any CPU = Debug|Any CPU
		Release|Any CPU = Release|Any CPU
	EndGlobalSection
	GlobalSection(ProjectConfigurationPlatforms) = postSolution
		{4973E29A-E8DA-E73A-150C-D347A06076C4}.Debug|Any CPU.ActiveCfg = Debug|Any CPU
		{4973E29A-E8DA-E73A-150C-D347A06076C4}.Debug|Any CPU.Build.0 = Debug|Any CPU
		{4973E29A-E8DA-E73A-150C-D347A06076C4}.Release|Any CPU.ActiveCfg = Release|Any CPU
		{4973E29A-E8DA-E73A-150C-D347A06076C4}.Release|Any CPU.Build.0 = Release|Any CPU
	EndGlobalSection
	GlobalSection(SolutionProperties) = preSolution
		HideSolutionNode = FALSE
	EndGlobalSection
	GlobalSection(ExtensibilityGlobals) = postSolution
		SolutionGuid = {248338D5-A9D1-4F04-9E0C-D62918FD1885}
	EndGlobalSection
EndGlobal
